
Microsoft Visual Studio Solution File, Format Version 11.00
# Visual Studio 2010
Project("{FAE04EC0-301F-11D3-BF4B-00C04F79EFBC}") = "QuaySoMayMan_Web", "QuaySoMayMan_Web\QuaySoMayMan_Web.csproj", "{D14EA85A-233E-4FC7-837A-54871AA70AB9}"
EndProject
Global
	GlobalSection(SolutionConfigurationPlatforms) = preSolution
		Debug|Any CPU = Debug|Any CPU
		Release|Any CPU = Release|Any CPU
	EndGlobalSection
	GlobalSection(ProjectConfigurationPlatforms) = postSolution
		{D14EA85A-233E-4FC7-837A-54871AA70AB9}.Debug|Any CPU.ActiveCfg = Debug|Any CPU
		{D14EA85A-233E-4FC7-837A-54871AA70AB9}.Debug|Any CPU.Build.0 = Debug|Any CPU
		{D14EA85A-233E-4FC7-837A-54871AA70AB9}.Release|Any CPU.ActiveCfg = Release|Any CPU
		{D14EA85A-233E-4FC7-837A-54871AA70AB9}.Release|Any CPU.Build.0 = Release|Any CPU
	EndGlobalSection
	GlobalSection(SolutionProperties) = preSolution
		HideSolutionNode = FALSE
	EndGlobalSection
EndGlobal
