
Microsoft Visual Studio Solution File, Format Version 11.00
# Visual Studio 2010
Project("{FAE04EC0-301F-11D3-BF4B-00C04F79EFBC}") = "KTCN_CongVan", "KTCN_CongVan\KTCN_CongVan.csproj", "{F5FFA5A6-C176-49CF-92CA-A9857D1A4681}"
EndProject
Global
	GlobalSection(SolutionConfigurationPlatforms) = preSolution
		Debug|x86 = Debug|x86
		Release|x86 = Release|x86
	EndGlobalSection
	GlobalSection(ProjectConfigurationPlatforms) = postSolution
		{F5FFA5A6-C176-49CF-92CA-A9857D1A4681}.Debug|x86.ActiveCfg = Debug|x86
		{F5FFA5A6-C176-49CF-92CA-A9857D1A4681}.Debug|x86.Build.0 = Debug|x86
		{F5FFA5A6-C176-49CF-92CA-A9857D1A4681}.Release|x86.ActiveCfg = Release|x86
		{F5FFA5A6-C176-49CF-92CA-A9857D1A4681}.Release|x86.Build.0 = Release|x86
	EndGlobalSection
	GlobalSection(SolutionProperties) = preSolution
		HideSolutionNode = FALSE
	EndGlobalSection
EndGlobal
